
Microsoft Visual Studio Solution File, Format Version 12.00
# Visual Studio Version 17
VisualStudioVersion = 17.9.34607.119
MinimumVisualStudioVersion = 10.0.40219.1
Project("{9A19103F-16F7-4668-BE54-9A1E7A4F7556}") = "ArtistsManager.UI", "ArtistsManager.UI\ArtistsManager.UI.csproj", "{53FEA0BC-19CF-41C0-8B2C-2A5B15AAFB80}"
EndProject
Project("{9A19103F-16F7-4668-BE54-9A1E7A4F7556}") = "ArtistsManager.Domain", "ArtistsManager.Domain\ArtistsManager.Domain.csproj", "{15202820-953A-44CE-BFEC-18B158011DC6}"
EndProject
Project("{9A19103F-16F7-4668-BE54-9A1E7A4F7556}") = "ArtistsManager.Application", "ArtistsManager.Application\ArtistsManager.Application.csproj", "{AAFFD3B5-A344-41AC-A288-119B808CF8DB}"
EndProject
Project("{2150E333-8FDC-42A3-9474-1A3956D46DE8}") = "Infrastructure", "Infrastructure", "{4604063D-5BB3-4E8C-8E65-D1A7256350FF}"
EndProject
Project("{9A19103F-16F7-4668-BE54-9A1E7A4F7556}") = "ArtistsManager.Persistence", "ArtistManager.Persistence\ArtistsManager.Persistence.csproj", "{93F9DDB4-AC4E-4F03-BAE3-620F43FC80E4}"
EndProject
Global
	GlobalSection(SolutionConfigurationPlatforms) = preSolution
		Debug|Any CPU = Debug|Any CPU
		Release|Any CPU = Release|Any CPU
	EndGlobalSection
	GlobalSection(ProjectConfigurationPlatforms) = postSolution
		{53FEA0BC-19CF-41C0-8B2C-2A5B15AAFB80}.Debug|Any CPU.ActiveCfg = Debug|Any CPU
		{53FEA0BC-19CF-41C0-8B2C-2A5B15AAFB80}.Debug|Any CPU.Build.0 = Debug|Any CPU
		{53FEA0BC-19CF-41C0-8B2C-2A5B15AAFB80}.Debug|Any CPU.Deploy.0 = Debug|Any CPU
		{53FEA0BC-19CF-41C0-8B2C-2A5B15AAFB80}.Release|Any CPU.ActiveCfg = Release|Any CPU
		{53FEA0BC-19CF-41C0-8B2C-2A5B15AAFB80}.Release|Any CPU.Build.0 = Release|Any CPU
		{53FEA0BC-19CF-41C0-8B2C-2A5B15AAFB80}.Release|Any CPU.Deploy.0 = Release|Any CPU
		{15202820-953A-44CE-BFEC-18B158011DC6}.Debug|Any CPU.ActiveCfg = Debug|Any CPU
		{15202820-953A-44CE-BFEC-18B158011DC6}.Debug|Any CPU.Build.0 = Debug|Any CPU
		{15202820-953A-44CE-BFEC-18B158011DC6}.Release|Any CPU.ActiveCfg = Release|Any CPU
		{15202820-953A-44CE-BFEC-18B158011DC6}.Release|Any CPU.Build.0 = Release|Any CPU
		{15202820-953A-44CE-BFEC-18B158011DC6}.Debug|Any CPU.Deploy.0 = Debug|Any CPU
		{AAFFD3B5-A344-41AC-A288-119B808CF8DB}.Debug|Any CPU.ActiveCfg = Debug|Any CPU
		{AAFFD3B5-A344-41AC-A288-119B808CF8DB}.Debug|Any CPU.Build.0 = Debug|Any CPU
		{AAFFD3B5-A344-41AC-A288-119B808CF8DB}.Release|Any CPU.ActiveCfg = Release|Any CPU
		{AAFFD3B5-A344-41AC-A288-119B808CF8DB}.Release|Any CPU.Build.0 = Release|Any CPU
		{AAFFD3B5-A344-41AC-A288-119B808CF8DB}.Debug|Any CPU.Deploy.0 = Debug|Any CPU
		{93F9DDB4-AC4E-4F03-BAE3-620F43FC80E4}.Debug|Any CPU.ActiveCfg = Debug|Any CPU
		{93F9DDB4-AC4E-4F03-BAE3-620F43FC80E4}.Debug|Any CPU.Build.0 = Debug|Any CPU
		{93F9DDB4-AC4E-4F03-BAE3-620F43FC80E4}.Release|Any CPU.ActiveCfg = Release|Any CPU
		{93F9DDB4-AC4E-4F03-BAE3-620F43FC80E4}.Release|Any CPU.Build.0 = Release|Any CPU
		{93F9DDB4-AC4E-4F03-BAE3-620F43FC80E4}.Debug|Any CPU.Deploy.0 = Debug|Any CPU
	EndGlobalSection
	GlobalSection(SolutionProperties) = preSolution
		HideSolutionNode = FALSE
	EndGlobalSection
	GlobalSection(NestedProjects) = preSolution
		{93F9DDB4-AC4E-4F03-BAE3-620F43FC80E4} = {4604063D-5BB3-4E8C-8E65-D1A7256350FF}
	EndGlobalSection
	GlobalSection(ExtensibilityGlobals) = postSolution
		SolutionGuid = {87376BFB-8A1C-4FCD-BC33-672B870DA09E}
	EndGlobalSection
EndGlobal
